# This file is automatically @generated by Cargo.
# It is not intended for manual editing.
version = 3

[[package]]
name = "aoc_2021_day01_p1"
version = "1.0.0"

[[package]]
name = "aoc_2021_day01_p2"
version = "1.0.0"

[[package]]
name = "aoc_2021_day02_p1"
version = "1.0.0"

[[package]]
name = "aoc_2021_day02_p2"
version = "1.0.0"

[[package]]
name = "aoc_2021_day03_p1"
version = "1.0.0"

[[package]]
name = "aoc_2021_day03_p2"
version = "1.0.0"
